
Microsoft Visual Studio Solution File, Format Version 12.00
# Visual Studio Version 16
VisualStudioVersion = 16.0.31911.196
MinimumVisualStudioVersion = 10.0.40219.1
Project("{FAE04EC0-301F-11D3-BF4B-00C04F79EFBC}") = "CodeSmell", "CodeSmell\CodeSmell.csproj", "{61675A61-0BEC-44B0-9921-38337FDF7580}"
EndProject
Global
	GlobalSection(SolutionConfigurationPlatforms) = preSolution
		Debug|Any CPU = Debug|Any CPU
		Release|Any CPU = Release|Any CPU
	EndGlobalSection
	GlobalSection(ProjectConfigurationPlatforms) = postSolution
		{61675A61-0BEC-44B0-9921-38337FDF7580}.Debug|Any CPU.ActiveCfg = Debug|Any CPU
		{61675A61-0BEC-44B0-9921-38337FDF7580}.Debug|Any CPU.Build.0 = Debug|Any CPU
		{61675A61-0BEC-44B0-9921-38337FDF7580}.Release|Any CPU.ActiveCfg = Release|Any CPU
		{61675A61-0BEC-44B0-9921-38337FDF7580}.Release|Any CPU.Build.0 = Release|Any CPU
	EndGlobalSection
	GlobalSection(SolutionProperties) = preSolution
		HideSolutionNode = FALSE
	EndGlobalSection
	GlobalSection(ExtensibilityGlobals) = postSolution
		SolutionGuid = {686A8D8D-3C77-4417-AC3F-3E2F93AD324E}
	EndGlobalSection
EndGlobal
